
Microsoft Visual Studio Solution File, Format Version 12.00
# Visual Studio Version 16
VisualStudioVersion = 16.0.31005.135
MinimumVisualStudioVersion = 10.0.40219.1
Project("{2150E333-8FDC-42A3-9474-1A3956D46DE8}") = "Solution Items", "Solution Items", "{895A1286-EB5D-4D01-8160-F25B4383DA0E}"
	ProjectSection(SolutionItems) = preProject
		.gitignore = .gitignore
	EndProjectSection
EndProject
Project("{9A19103F-16F7-4668-BE54-9A1E7A4F7556}") = "AsyncInterceptor", "AsyncInterceptor\AsyncInterceptor.csproj", "{B7E70A04-F27C-4385-9E57-69165EADB2FC}"
EndProject
Project("{9A19103F-16F7-4668-BE54-9A1E7A4F7556}") = "AsyncInterceptor.Tests", "AsyncInterceptor.Tests\AsyncInterceptor.Tests.csproj", "{80E84A71-B74A-443E-B154-FD965B0A111E}"
EndProject
Project("{FAE04EC0-301F-11D3-BF4B-00C04F79EFBC}") = "AsyncInterceptor.Samples", "AsyncInterceptor.Samples\AsyncInterceptor.Samples.csproj", "{B9632CCE-063A-417C-ABC5-D15A946894E0}"
EndProject
Global
	GlobalSection(SolutionConfigurationPlatforms) = preSolution
		Debug|Any CPU = Debug|Any CPU
		Release|Any CPU = Release|Any CPU
	EndGlobalSection
	GlobalSection(ProjectConfigurationPlatforms) = postSolution
		{B7E70A04-F27C-4385-9E57-69165EADB2FC}.Debug|Any CPU.ActiveCfg = Debug|Any CPU
		{B7E70A04-F27C-4385-9E57-69165EADB2FC}.Debug|Any CPU.Build.0 = Debug|Any CPU
		{B7E70A04-F27C-4385-9E57-69165EADB2FC}.Release|Any CPU.ActiveCfg = Release|Any CPU
		{B7E70A04-F27C-4385-9E57-69165EADB2FC}.Release|Any CPU.Build.0 = Release|Any CPU
		{80E84A71-B74A-443E-B154-FD965B0A111E}.Debug|Any CPU.ActiveCfg = Debug|Any CPU
		{80E84A71-B74A-443E-B154-FD965B0A111E}.Debug|Any CPU.Build.0 = Debug|Any CPU
		{80E84A71-B74A-443E-B154-FD965B0A111E}.Release|Any CPU.ActiveCfg = Release|Any CPU
		{80E84A71-B74A-443E-B154-FD965B0A111E}.Release|Any CPU.Build.0 = Release|Any CPU
		{4F5CA602-73BE-484F-AD8B-31622E7797D7}.Debug|Any CPU.ActiveCfg = Debug|Any CPU
		{4F5CA602-73BE-484F-AD8B-31622E7797D7}.Debug|Any CPU.Build.0 = Debug|Any CPU
		{4F5CA602-73BE-484F-AD8B-31622E7797D7}.Release|Any CPU.ActiveCfg = Release|Any CPU
		{4F5CA602-73BE-484F-AD8B-31622E7797D7}.Release|Any CPU.Build.0 = Release|Any CPU
		{B9632CCE-063A-417C-ABC5-D15A946894E0}.Debug|Any CPU.ActiveCfg = Debug|Any CPU
		{B9632CCE-063A-417C-ABC5-D15A946894E0}.Debug|Any CPU.Build.0 = Debug|Any CPU
		{B9632CCE-063A-417C-ABC5-D15A946894E0}.Release|Any CPU.ActiveCfg = Release|Any CPU
		{B9632CCE-063A-417C-ABC5-D15A946894E0}.Release|Any CPU.Build.0 = Release|Any CPU
	EndGlobalSection
	GlobalSection(SolutionProperties) = preSolution
		HideSolutionNode = FALSE
	EndGlobalSection
	GlobalSection(ExtensibilityGlobals) = postSolution
		SolutionGuid = {6EE6B59A-4242-4C10-A255-3EF6247E1008}
	EndGlobalSection
EndGlobal
